
Microsoft Visual Studio Solution File, Format Version 11.00
# Visual Studio 2010
Project("{FAE04EC0-301F-11D3-BF4B-00C04F79EFBC}") = "PartyInvites", "PartyInvites\PartyInvites.csproj", "{3EC6936B-48E4-4B06-8494-8C67CE352E31}"
EndProject
Global
	GlobalSection(SolutionConfigurationPlatforms) = preSolution
		Debug|Any CPU = Debug|Any CPU
		Release|Any CPU = Release|Any CPU
	EndGlobalSection
	GlobalSection(ProjectConfigurationPlatforms) = postSolution
		{3EC6936B-48E4-4B06-8494-8C67CE352E31}.Debug|Any CPU.ActiveCfg = Debug|Any CPU
		{3EC6936B-48E4-4B06-8494-8C67CE352E31}.Debug|Any CPU.Build.0 = Debug|Any CPU
		{3EC6936B-48E4-4B06-8494-8C67CE352E31}.Release|Any CPU.ActiveCfg = Release|Any CPU
		{3EC6936B-48E4-4B06-8494-8C67CE352E31}.Release|Any CPU.Build.0 = Release|Any CPU
	EndGlobalSection
	GlobalSection(SolutionProperties) = preSolution
		HideSolutionNode = FALSE
	EndGlobalSection
EndGlobal
